
Microsoft Visual Studio Solution File, Format Version 12.00
# Visual Studio Version 17
VisualStudioVersion = 17.14.36705.20
MinimumVisualStudioVersion = 10.0.40219.1
Project("{2150E333-8FDC-42A3-9474-1A3956D46DE8}") = "Task0", "Task0", "{02EA681E-C7D8-13C7-8484-4AC65E1B71E8}"
EndProject
Project("{FAE04EC0-301F-11D3-BF4B-00C04F79EFBC}") = "Tyuiu.PisarevMA.Sprint5.Task0.V2", "Tyuiu.PisarevMA.Sprint5.Task0.V2\Tyuiu.PisarevMA.Sprint5.Task0.V2.csproj", "{3A250681-7C1F-4BFF-889F-A3E47C2BD814}"
EndProject
Project("{FAE04EC0-301F-11D3-BF4B-00C04F79EFBC}") = "Tyuiu.PisarevMA.Sprint5.Task0.V2.Lib", "Tyuiu.PisarevMA.Sprint5.Task0.V2.Lib\Tyuiu.PisarevMA.Sprint5.Task0.V2.Lib.csproj", "{9CF356C5-74A7-4E05-B8E3-0ACEC6B4E4A5}"
EndProject
Project("{FAE04EC0-301F-11D3-BF4B-00C04F79EFBC}") = "Tyuiu.PisarevMA.Sprint5.Task0.V2.Test", "Tyuiu.PisarevMA.Sprint5.Task0.V2.Test\Tyuiu.PisarevMA.Sprint5.Task0.V2.Test.csproj", "{E24EF163-A274-4198-8923-FA64737021E3}"
EndProject
Project("{2150E333-8FDC-42A3-9474-1A3956D46DE8}") = "Task1", "Task1", "{64AB78B0-E0DD-4DA9-8A69-43AA504DD72B}"
EndProject
Project("{2150E333-8FDC-42A3-9474-1A3956D46DE8}") = "Task2", "Task2", "{7E746A67-662E-4395-9E37-824C0A01E20F}"
EndProject
Project("{2150E333-8FDC-42A3-9474-1A3956D46DE8}") = "Task3", "Task3", "{7C3A07B6-A18A-414C-A214-E1B2DC1F1F56}"
EndProject
Project("{2150E333-8FDC-42A3-9474-1A3956D46DE8}") = "Task4", "Task4", "{04476EFE-3167-43A7-B7F3-DE0D7CD37934}"
EndProject
Project("{2150E333-8FDC-42A3-9474-1A3956D46DE8}") = "Task5", "Task5", "{EC3D8BA0-F176-4863-AA7D-06204AB5645C}"
EndProject
Project("{2150E333-8FDC-42A3-9474-1A3956D46DE8}") = "Task6", "Task6", "{74995E0E-74B4-4572-A2BE-4CDED5A132C3}"
EndProject
Project("{2150E333-8FDC-42A3-9474-1A3956D46DE8}") = "Task7", "Task7", "{8E59159F-8465-439B-BD6F-1D2EDA78E7BF}"
EndProject
Project("{FAE04EC0-301F-11D3-BF4B-00C04F79EFBC}") = "Tyuiu.PisarevMA.Sprint5.Task1.V23", "Tyuiu.PisarevMA.Sprint5.Task1.V23\Tyuiu.PisarevMA.Sprint5.Task1.V23.csproj", "{8B783C45-704F-46C6-ADC7-BE310ABE7533}"
EndProject
Project("{FAE04EC0-301F-11D3-BF4B-00C04F79EFBC}") = "Tyuiu.PisarevMA.Sprint5.Task1.V23.Lib", "Tyuiu.PisarevMA.Sprint5.Task1.V23.Lib\Tyuiu.PisarevMA.Sprint5.Task1.V23.Lib.csproj", "{6B75EC71-59DB-45CF-816B-9B840756018E}"
EndProject
Project("{FAE04EC0-301F-11D3-BF4B-00C04F79EFBC}") = "Tyuiu.PisarevMA.Sprint5.Task1.V23.Test", "Tyuiu.PisarevMA.Sprint5.Task1.V23.Test\Tyuiu.PisarevMA.Sprint5.Task1.V23.Test.csproj", "{9BDDF454-7DED-4A5F-960D-AEEA8B13A019}"
EndProject
Project("{FAE04EC0-301F-11D3-BF4B-00C04F79EFBC}") = "Tyuiu.PisarevMA.Sprint5.Task2.V9", "Tyuiu.PisarevMA.Sprint5.Task2.V9\Tyuiu.PisarevMA.Sprint5.Task2.V9.csproj", "{47898A85-017A-4EA9-91A5-6D5B655D2310}"
EndProject
Project("{FAE04EC0-301F-11D3-BF4B-00C04F79EFBC}") = "Tyuiu.PisarevMA.Sprint5.Task2.V9.Lib", "Tyuiu.PisarevMA.Sprint5.Task2.V9.Lib\Tyuiu.PisarevMA.Sprint5.Task2.V9.Lib.csproj", "{BD97E187-8520-4A98-8B09-2DFBDB28996C}"
EndProject
Project("{FAE04EC0-301F-11D3-BF4B-00C04F79EFBC}") = "Tyuiu.PisarevMA.Sprint5.Task2.V9.Test", "Tyuiu.PisarevMA.Sprint5.Task2.V9.Test\Tyuiu.PisarevMA.Sprint5.Task2.V9.Test.csproj", "{7E959F69-ED19-47D7-93B4-4AA818423593}"
EndProject
Project("{FAE04EC0-301F-11D3-BF4B-00C04F79EFBC}") = "Tyuiu.PisarevMA.Sprint5.Task3.V29", "Tyuiu.PisarevMA.Sprint5.Task3.V29\Tyuiu.PisarevMA.Sprint5.Task3.V29.csproj", "{CC52B0DA-46C4-4439-8533-6A818CCD66D7}"
EndProject
Project("{FAE04EC0-301F-11D3-BF4B-00C04F79EFBC}") = "Tyuiu.PisarevMA.Sprint5.Task3.V29.Lib", "Tyuiu.PisarevMA.Sprint5.Task3.V29.Lib\Tyuiu.PisarevMA.Sprint5.Task3.V29.Lib.csproj", "{7D484359-1678-42F8-B574-86542309E567}"
EndProject
Project("{FAE04EC0-301F-11D3-BF4B-00C04F79EFBC}") = "Tyuiu.PisarevMA.Sprint5.Task3.V29.Test", "Tyuiu.PisarevMA.Sprint5.Task3.V29.Test\Tyuiu.PisarevMA.Sprint5.Task3.V29.Test.csproj", "{D66E68EE-FF20-486A-BF09-74E0AF042959}"
EndProject
Project("{FAE04EC0-301F-11D3-BF4B-00C04F79EFBC}") = "Tyuiu.PisarevMA.Sprint5.Task4.V9", "Tyuiu.PisarevMA.Sprint5.Task4.V9\Tyuiu.PisarevMA.Sprint5.Task4.V9.csproj", "{4E5F894B-B871-4466-9FB6-AC683367C7CE}"
EndProject
Project("{FAE04EC0-301F-11D3-BF4B-00C04F79EFBC}") = "Tyuiu.PisarevMA.Sprint5.Task4.V9.Lib", "Tyuiu.PisarevMA.Sprint5.Task4.V9.Lib\Tyuiu.PisarevMA.Sprint5.Task4.V9.Lib.csproj", "{12043884-75C8-4F5A-B000-E1F27633A352}"
EndProject
Project("{FAE04EC0-301F-11D3-BF4B-00C04F79EFBC}") = "Tyuiu.PisarevMA.Sprint5.Task4.V9.Test", "Tyuiu.PisarevMA.Sprint5.Task4.V9.Test\Tyuiu.PisarevMA.Sprint5.Task4.V9.Test.csproj", "{09D1926A-6830-4058-97A2-0EFC6A0608CA}"
EndProject
Global
	GlobalSection(SolutionConfigurationPlatforms) = preSolution
		Debug|Any CPU = Debug|Any CPU
		Release|Any CPU = Release|Any CPU
	EndGlobalSection
	GlobalSection(ProjectConfigurationPlatforms) = postSolution
		{3A250681-7C1F-4BFF-889F-A3E47C2BD814}.Debug|Any CPU.ActiveCfg = Debug|Any CPU
		{3A250681-7C1F-4BFF-889F-A3E47C2BD814}.Debug|Any CPU.Build.0 = Debug|Any CPU
		{3A250681-7C1F-4BFF-889F-A3E47C2BD814}.Release|Any CPU.ActiveCfg = Release|Any CPU
		{3A250681-7C1F-4BFF-889F-A3E47C2BD814}.Release|Any CPU.Build.0 = Release|Any CPU
		{9CF356C5-74A7-4E05-B8E3-0ACEC6B4E4A5}.Debug|Any CPU.ActiveCfg = Debug|Any CPU
		{9CF356C5-74A7-4E05-B8E3-0ACEC6B4E4A5}.Debug|Any CPU.Build.0 = Debug|Any CPU
		{9CF356C5-74A7-4E05-B8E3-0ACEC6B4E4A5}.Release|Any CPU.ActiveCfg = Release|Any CPU
		{9CF356C5-74A7-4E05-B8E3-0ACEC6B4E4A5}.Release|Any CPU.Build.0 = Release|Any CPU
		{E24EF163-A274-4198-8923-FA64737021E3}.Debug|Any CPU.ActiveCfg = Debug|Any CPU
		{E24EF163-A274-4198-8923-FA64737021E3}.Debug|Any CPU.Build.0 = Debug|Any CPU
		{E24EF163-A274-4198-8923-FA64737021E3}.Release|Any CPU.ActiveCfg = Release|Any CPU
		{E24EF163-A274-4198-8923-FA64737021E3}.Release|Any CPU.Build.0 = Release|Any CPU
		{8B783C45-704F-46C6-ADC7-BE310ABE7533}.Debug|Any CPU.ActiveCfg = Debug|Any CPU
		{8B783C45-704F-46C6-ADC7-BE310ABE7533}.Debug|Any CPU.Build.0 = Debug|Any CPU
		{8B783C45-704F-46C6-ADC7-BE310ABE7533}.Release|Any CPU.ActiveCfg = Release|Any CPU
		{8B783C45-704F-46C6-ADC7-BE310ABE7533}.Release|Any CPU.Build.0 = Release|Any CPU
		{6B75EC71-59DB-45CF-816B-9B840756018E}.Debug|Any CPU.ActiveCfg = Debug|Any CPU
		{6B75EC71-59DB-45CF-816B-9B840756018E}.Debug|Any CPU.Build.0 = Debug|Any CPU
		{6B75EC71-59DB-45CF-816B-9B840756018E}.Release|Any CPU.ActiveCfg = Release|Any CPU
		{6B75EC71-59DB-45CF-816B-9B840756018E}.Release|Any CPU.Build.0 = Release|Any CPU
		{9BDDF454-7DED-4A5F-960D-AEEA8B13A019}.Debug|Any CPU.ActiveCfg = Debug|Any CPU
		{9BDDF454-7DED-4A5F-960D-AEEA8B13A019}.Debug|Any CPU.Build.0 = Debug|Any CPU
		{9BDDF454-7DED-4A5F-960D-AEEA8B13A019}.Release|Any CPU.ActiveCfg = Release|Any CPU
		{9BDDF454-7DED-4A5F-960D-AEEA8B13A019}.Release|Any CPU.Build.0 = Release|Any CPU
		{47898A85-017A-4EA9-91A5-6D5B655D2310}.Debug|Any CPU.ActiveCfg = Debug|Any CPU
		{47898A85-017A-4EA9-91A5-6D5B655D2310}.Debug|Any CPU.Build.0 = Debug|Any CPU
		{47898A85-017A-4EA9-91A5-6D5B655D2310}.Release|Any CPU.ActiveCfg = Release|Any CPU
		{47898A85-017A-4EA9-91A5-6D5B655D2310}.Release|Any CPU.Build.0 = Release|Any CPU
		{BD97E187-8520-4A98-8B09-2DFBDB28996C}.Debug|Any CPU.ActiveCfg = Debug|Any CPU
		{BD97E187-8520-4A98-8B09-2DFBDB28996C}.Debug|Any CPU.Build.0 = Debug|Any CPU
		{BD97E187-8520-4A98-8B09-2DFBDB28996C}.Release|Any CPU.ActiveCfg = Release|Any CPU
		{BD97E187-8520-4A98-8B09-2DFBDB28996C}.Release|Any CPU.Build.0 = Release|Any CPU
		{7E959F69-ED19-47D7-93B4-4AA818423593}.Debug|Any CPU.ActiveCfg = Debug|Any CPU
		{7E959F69-ED19-47D7-93B4-4AA818423593}.Debug|Any CPU.Build.0 = Debug|Any CPU
		{7E959F69-ED19-47D7-93B4-4AA818423593}.Release|Any CPU.ActiveCfg = Release|Any CPU
		{7E959F69-ED19-47D7-93B4-4AA818423593}.Release|Any CPU.Build.0 = Release|Any CPU
		{CC52B0DA-46C4-4439-8533-6A818CCD66D7}.Debug|Any CPU.ActiveCfg = Debug|Any CPU
		{CC52B0DA-46C4-4439-8533-6A818CCD66D7}.Debug|Any CPU.Build.0 = Debug|Any CPU
		{CC52B0DA-46C4-4439-8533-6A818CCD66D7}.Release|Any CPU.ActiveCfg = Release|Any CPU
		{CC52B0DA-46C4-4439-8533-6A818CCD66D7}.Release|Any CPU.Build.0 = Release|Any CPU
		{7D484359-1678-42F8-B574-86542309E567}.Debug|Any CPU.ActiveCfg = Debug|Any CPU
		{7D484359-1678-42F8-B574-86542309E567}.Debug|Any CPU.Build.0 = Debug|Any CPU
		{7D484359-1678-42F8-B574-86542309E567}.Release|Any CPU.ActiveCfg = Release|Any CPU
		{7D484359-1678-42F8-B574-86542309E567}.Release|Any CPU.Build.0 = Release|Any CPU
		{D66E68EE-FF20-486A-BF09-74E0AF042959}.Debug|Any CPU.ActiveCfg = Debug|Any CPU
		{D66E68EE-FF20-486A-BF09-74E0AF042959}.Debug|Any CPU.Build.0 = Debug|Any CPU
		{D66E68EE-FF20-486A-BF09-74E0AF042959}.Release|Any CPU.ActiveCfg = Release|Any CPU
		{D66E68EE-FF20-486A-BF09-74E0AF042959}.Release|Any CPU.Build.0 = Release|Any CPU
		{4E5F894B-B871-4466-9FB6-AC683367C7CE}.Debug|Any CPU.ActiveCfg = Debug|Any CPU
		{4E5F894B-B871-4466-9FB6-AC683367C7CE}.Debug|Any CPU.Build.0 = Debug|Any CPU
		{4E5F894B-B871-4466-9FB6-AC683367C7CE}.Release|Any CPU.ActiveCfg = Release|Any CPU
		{4E5F894B-B871-4466-9FB6-AC683367C7CE}.Release|Any CPU.Build.0 = Release|Any CPU
		{12043884-75C8-4F5A-B000-E1F27633A352}.Debug|Any CPU.ActiveCfg = Debug|Any CPU
		{12043884-75C8-4F5A-B000-E1F27633A352}.Debug|Any CPU.Build.0 = Debug|Any CPU
		{12043884-75C8-4F5A-B000-E1F27633A352}.Release|Any CPU.ActiveCfg = Release|Any CPU
		{12043884-75C8-4F5A-B000-E1F27633A352}.Release|Any CPU.Build.0 = Release|Any CPU
		{09D1926A-6830-4058-97A2-0EFC6A0608CA}.Debug|Any CPU.ActiveCfg = Debug|Any CPU
		{09D1926A-6830-4058-97A2-0EFC6A0608CA}.Debug|Any CPU.Build.0 = Debug|Any CPU
		{09D1926A-6830-4058-97A2-0EFC6A0608CA}.Release|Any CPU.ActiveCfg = Release|Any CPU
		{09D1926A-6830-4058-97A2-0EFC6A0608CA}.Release|Any CPU.Build.0 = Release|Any CPU
	EndGlobalSection
	GlobalSection(SolutionProperties) = preSolution
		HideSolutionNode = FALSE
	EndGlobalSection
	GlobalSection(NestedProjects) = preSolution
		{3A250681-7C1F-4BFF-889F-A3E47C2BD814} = {02EA681E-C7D8-13C7-8484-4AC65E1B71E8}
		{9CF356C5-74A7-4E05-B8E3-0ACEC6B4E4A5} = {02EA681E-C7D8-13C7-8484-4AC65E1B71E8}
		{E24EF163-A274-4198-8923-FA64737021E3} = {02EA681E-C7D8-13C7-8484-4AC65E1B71E8}
		{8B783C45-704F-46C6-ADC7-BE310ABE7533} = {64AB78B0-E0DD-4DA9-8A69-43AA504DD72B}
		{6B75EC71-59DB-45CF-816B-9B840756018E} = {64AB78B0-E0DD-4DA9-8A69-43AA504DD72B}
		{9BDDF454-7DED-4A5F-960D-AEEA8B13A019} = {64AB78B0-E0DD-4DA9-8A69-43AA504DD72B}
		{47898A85-017A-4EA9-91A5-6D5B655D2310} = {7E746A67-662E-4395-9E37-824C0A01E20F}
		{BD97E187-8520-4A98-8B09-2DFBDB28996C} = {7E746A67-662E-4395-9E37-824C0A01E20F}
		{7E959F69-ED19-47D7-93B4-4AA818423593} = {7E746A67-662E-4395-9E37-824C0A01E20F}
		{CC52B0DA-46C4-4439-8533-6A818CCD66D7} = {7C3A07B6-A18A-414C-A214-E1B2DC1F1F56}
		{7D484359-1678-42F8-B574-86542309E567} = {7C3A07B6-A18A-414C-A214-E1B2DC1F1F56}
		{D66E68EE-FF20-486A-BF09-74E0AF042959} = {7C3A07B6-A18A-414C-A214-E1B2DC1F1F56}
		{4E5F894B-B871-4466-9FB6-AC683367C7CE} = {04476EFE-3167-43A7-B7F3-DE0D7CD37934}
		{12043884-75C8-4F5A-B000-E1F27633A352} = {04476EFE-3167-43A7-B7F3-DE0D7CD37934}
		{09D1926A-6830-4058-97A2-0EFC6A0608CA} = {04476EFE-3167-43A7-B7F3-DE0D7CD37934}
	EndGlobalSection
	GlobalSection(ExtensibilityGlobals) = postSolution
		SolutionGuid = {E8C0843D-194F-404F-A82B-7C65D6BB9330}
	EndGlobalSection
EndGlobal
